{
    "_meta": {
        "hash": {
            "sha256": "7ea93cb61ab076e8ce1510bd474d8a17eec1de5ba0d3e34f89df998563fdc531"
        },
        "pipfile-spec": 6,
        "requires": {
            "python_version": "3.8"
        },
        "sources": [
            {
                "name": "pypi",
                "url": "https://pypi.org/simple",
                "verify_ssl": true
            }
        ]
    },
    "default": {
        "beautifulsoup4": {
            "hashes": [
                "sha256:4c98143716ef1cb40bf7f39a8e3eec8f8b009509e74904ba3a7b315431577e35",
                "sha256:84729e322ad1d5b4d25f805bfa05b902dd96450f43842c4e99067d5e1369eb25",
                "sha256:fff47e031e34ec82bf17e00da8f592fe7de69aeea38be00523c04623c04fb666"
            ],
            "index": "pypi",
            "version": "==4.9.3"
        },
        "cbor2": {
            "hashes": [
                "sha256:a33aa2e5534fd74401ac95686886e655e3b2ce6383b3f958199b6e70a87c94bf"
            ],
            "version": "==5.2.0"
        },
        "certifi": {
            "hashes": [
                "sha256:5930595817496dd21bb8dc35dad090f1c2cd0adfaf21204bf6732ca5d8ee34d3",
                "sha256:8fc0819f1f30ba15bdb34cceffb9ef04d99f420f68eb75d901e9560b8749fc41"
            ],
            "version": "==2020.6.20"
        },
        "chardet": {
            "hashes": [
                "sha256:84ab92ed1c4d4f16916e05906b6b75a6c0fb5db821cc65e70cbd64a3e2a5eaae",
                "sha256:fc323ffcaeaed0e0a02bf4d117757b98aed530d9ed4531e3e15460124c106691"
            ],
            "version": "==3.0.4"
        },
        "deprecated": {
            "hashes": [
                "sha256:525ba66fb5f90b07169fdd48b6373c18f1ee12728ca277ca44567a367d9d7f74",
                "sha256:a766c1dccb30c5f6eb2b203f87edd1d8588847709c78589e1521d769addc8218"
            ],
            "markers": "python_version >= '2.7' and python_version not in '3.0, 3.1, 3.2, 3.3'",
            "version": "==1.2.10"
        },
        "humanize": {
            "hashes": [
                "sha256:6790d9ba139ce09761ae901be9b22bd32a131fa65ecc82cdfc4d86f377f7395d",
                "sha256:fd3eb915310335c63a54d4507289ecc7b3a7454cd2c22ac5086d061a3cbfd592"
            ],
            "index": "pypi",
            "version": "==3.1.0"
        },
        "idna": {
            "hashes": [
                "sha256:b307872f855b18632ce0c21c5e45be78c0ea7ae4c15c828c20788b26921eb3f6",
                "sha256:b97d804b1e9b523befed77c48dacec60e6dcb0b5391d57af6a65a312a90648c0"
            ],
            "markers": "python_version >= '2.7' and python_version not in '3.0, 3.1, 3.2, 3.3'",
            "version": "==2.10"
        },
        "luma.core": {
            "hashes": [
                "sha256:6b2470c09ae86d5a6c8b8cc29e7aef579b5b5f270cbeebaa27bb4a067f0a8b54",
                "sha256:d66b98e23470f023a6423273e9632180a1a941849f1417c69a708ca51861c993"
            ],
            "index": "pypi",
            "version": "==1.17.2"
        },
        "luma.oled": {
            "hashes": [
                "sha256:9f5cacd4137e1d8f2de4ee5e4251ca2812965981d0816ef99b291388bd61cf59",
                "sha256:dbd8ebce1c0b10feabb725b321d4a7f9f7353fe16878c8145ca332a173c193c9"
            ],
            "index": "pypi",
            "version": "==3.6.0"
        },
        "miniupnpc": {
            "hashes": [
                "sha256:7ea46c93486fe1bdb31f0e0c2d911d224fce70bf5ea120e4295d647dfe274931"
            ],
            "index": "pypi",
            "version": "==2.0.2"
        },
        "pillow": {
            "hashes": [
                "sha256:04d984e45a0b9815f4b407e8aadb50f25fbb82a605d89db927376e94c3adf371",
                "sha256:06e730451b70471c08b8a0ee7f18e7e1df310dba9c780bbfb730a13102b143db",
                "sha256:1f59596af2b3d64a9e43f9d6509b7a51db744d0eecc23297617c604e6823c6ae",
                "sha256:233513465a2f25fce537b965621866da3d1f02e15708f371dd4e19f0fb7b7711",
                "sha256:2696f1a6402c1a42ed12c5cd8adfb4b381c32d41e35a34b8ee544309ef854172",
                "sha256:2ca55a4443b463eec90528ac27be14d226b1c2b972178bc7d4d282ce89e47b6a",
                "sha256:30615e9115f976e00a938a28c7152562e8cf8e221ddacf4446dd8b20c0d97333",
                "sha256:3a77e7b9f8991b81d7be8e0b2deab05013cf3ebb24ac2b863d2979acb68c73dd",
                "sha256:54667c8ab16658cc0b7d824d8706b440d4db8382a3561042758bdfd48ca99298",
                "sha256:59304c67d12394815331eda95ec892bf54ad95e0aa7bc1ccd8e0a4a5a25d4bf3",
                "sha256:594f2f25b7bcfd9542c41b9df156fb5104f19f5fcefa51b1447f1d9f64c9cc14",
                "sha256:5b5dde5dcedc4e6f5a71d7654a3c6e189ced82e97d7896b1ca5a5c5e4e0e916f",
                "sha256:6bcea85f93fb2c94a1bcd35704c348a929a7fb24a0ec0cc2b9fcbb0046b87176",
                "sha256:718d7f0eb3351052023b33fe0f83fc9e3beeb7cbacbd0ff2b52524e2153e4598",
                "sha256:7c4a7ee37027ca716f42726b6f9fc491c13c843c7af559e0767dfab1ae9682d4",
                "sha256:87a855b64a9b692604f6339baa4f9913d06838df1b4ccf0cb899dd18f56ec03c",
                "sha256:8c006d52365c0a6bb41a07f9c8f9f458ae8170e0af3b8c49bf7089347066b97b",
                "sha256:8e29701229705615d3dcfc439c7c46f40f913e57c7fe322b1efc30d3f37d1287",
                "sha256:9b5b41737853bc49943864d5980dfb401a09e78ddb471e71291810ccdeadd712",
                "sha256:b04569ff215b85ce3e2954979d2d5e0bf84007e43ddcf84b632fc6bc18e07909",
                "sha256:b731d45764349313bd956c07bdc1d43803bb0ad2b11354328a074e416c7d84bc",
                "sha256:c12e33cb17e2e12049a49b77696ee479791a4e44e541fdc393ae043e1246389f",
                "sha256:c41442c3814afeba1f6f16fd70cdf312a2c73c6dee8dc3ac8926bb115713ad1d",
                "sha256:c4d743c5c91424965707c9c8edc58b7cb43c127dcaf191fbcd304e2082eef56a",
                "sha256:d6766fd28f4f47cf93280a57e3dc6a9d11bdada1a6e9f019b8c62b12bbc86f6a",
                "sha256:d904570afcdbec40eb6bdbe24cba8d95c0215a2c0cbbc9c16301045bc8504c1f",
                "sha256:e674be2f349ea810e221b0113bd4491f53584ac848d5bcc3b62443cfa11d9c40",
                "sha256:e6ac40f1a62a227eb00226eb64c9c82bc878a3ed700b5414d34c9be57be87e87",
                "sha256:f5270369c799b4405ed47d45c88c09fbd7942fc9fb9891c0dabf0b8c751b625d"
            ],
            "index": "pypi",
            "version": "==8.0.0"
        },
        "psutil": {
            "hashes": [
                "sha256:0ee3c36428f160d2d8fce3c583a0353e848abb7de9732c50cf3356dd49ad63f8",
                "sha256:10512b46c95b02842c225f58fa00385c08fa00c68bac7da2d9a58ebe2c517498",
                "sha256:4080869ed93cce662905b029a1770fe89c98787e543fa7347f075ade761b19d6",
                "sha256:5e9d0f26d4194479a13d5f4b3798260c20cecf9ac9a461e718eb59ea520a360c",
                "sha256:66c18ca7680a31bf16ee22b1d21b6397869dda8059dbdb57d9f27efa6615f195",
                "sha256:68d36986ded5dac7c2dcd42f2682af1db80d4bce3faa126a6145c1637e1b559f",
                "sha256:90990af1c3c67195c44c9a889184f84f5b2320dce3ee3acbd054e3ba0b4a7beb",
                "sha256:a5b120bb3c0c71dfe27551f9da2f3209a8257a178ed6c628a819037a8df487f1",
                "sha256:d8a82162f23c53b8525cf5f14a355f5d1eea86fa8edde27287dd3a98399e4fdf",
                "sha256:f2018461733b23f308c298653c8903d32aaad7873d25e1d228765e91ae42c3f2",
                "sha256:ff1977ba1a5f71f89166d5145c3da1cea89a0fdb044075a12c720ee9123ec818"
            ],
            "index": "pypi",
            "version": "==5.7.2"
        },
        "pyftdi": {
            "hashes": [
                "sha256:5f591cefc87c89177798b53c70914fadff54717433afc9ccb50213d053e87ee6",
                "sha256:f26d61fe14a3d089ea7700e774501c52ce3312f3522763a407cd33988124bd5e"
            ],
            "markers": "python_version >= '3.5'",
            "version": "==0.52.0"
        },
        "pysensors3": {
            "hashes": [
                "sha256:5e278c0e9063870b558f65bcfa841c0d35dbe79ee23a0ecbe9af2e776b125710",
                "sha256:623cf965b8958ae5afc895051f9a7c3bc866985cb58c85dab300a9bfaf3f0b9c"
            ],
            "index": "pypi",
            "version": "==0.1.0"
        },
        "pyserial": {
            "hashes": [
                "sha256:6e2d401fdee0eab996cf734e67773a0143b932772ca8b42451440cfed942c627",
                "sha256:e0770fadba80c31013896c7e6ef703f72e7834965954a78e71a3049488d4d7d8"
            ],
            "version": "==3.4"
        },
        "pyusb": {
            "hashes": [
                "sha256:d69ed64bff0e2102da11b3f49567256867853b861178689671a163d30865c298"
            ],
            "version": "==1.1.0"
        },
        "requests": {
            "hashes": [
                "sha256:b3559a131db72c33ee969480840fff4bb6dd111de7dd27c8ee1f820f4f00231b",
                "sha256:fe75cc94a9443b9246fc7049224f75604b113c36acb93f87b80ed42c44cbb898"
            ],
            "index": "pypi",
            "version": "==2.24.0"
        },
        "rpi.gpio": {
            "hashes": [
                "sha256:7424bc6c205466764f30f666c18187a0824077daf20b295c42f08aea2cb87d3f"
            ],
            "markers": "platform_system == 'Linux'",
            "version": "==0.7.0"
        },
        "smbus2": {
            "hashes": [
                "sha256:210e66eebe4d0b1fe836b3ec2751841942e1c4918c0b429b20a0e20a222228b4"
            ],
            "version": "==0.3.0"
        },
        "soupsieve": {
            "hashes": [
                "sha256:1634eea42ab371d3d346309b93df7870a88610f0725d47528be902a0d95ecc55",
                "sha256:a59dc181727e95d25f781f0eb4fd1825ff45590ec8ff49eadfd7f1a537cc0232"
            ],
            "markers": "python_version >= '3.0'",
            "version": "==2.0.1"
        },
        "spidev": {
            "hashes": [
                "sha256:8a7f5c289f161ea2ac4697fa8a10918232c990678dd0053084b3c43b1363910d"
            ],
            "markers": "platform_system == 'Linux'",
            "version": "==3.5"
        },
        "urllib3": {
            "hashes": [
                "sha256:8d7eaa5a82a1cac232164990f04874c594c9453ec55eef02eab885aa02fc17a2",
                "sha256:f5321fbe4bf3fefa0efd0bfe7fb14e90909eb62a48ccda331726b4319897dd5e"
            ],
            "markers": "python_version >= '2.7' and python_version not in '3.0, 3.1, 3.2, 3.3, 3.4' and python_version < '4'",
            "version": "==1.25.11"
        },
        "wrapt": {
            "hashes": [
                "sha256:b62ffa81fb85f4332a4f609cab4ac40709470da05643a082ec1eb88e6d9b97d7"
            ],
            "version": "==1.12.1"
        }
    },
    "develop": {
        "autopep8": {
            "hashes": [
                "sha256:d21d3901cb0da6ebd1e83fc9b0dfbde8b46afc2ede4fe32fbda0c7c6118ca094"
            ],
            "index": "pypi",
            "version": "==1.5.4"
        },
        "cbor2": {
            "hashes": [
                "sha256:a33aa2e5534fd74401ac95686886e655e3b2ce6383b3f958199b6e70a87c94bf"
            ],
            "version": "==5.2.0"
        },
        "deprecated": {
            "hashes": [
                "sha256:525ba66fb5f90b07169fdd48b6373c18f1ee12728ca277ca44567a367d9d7f74",
                "sha256:a766c1dccb30c5f6eb2b203f87edd1d8588847709c78589e1521d769addc8218"
            ],
            "markers": "python_version >= '2.7' and python_version not in '3.0, 3.1, 3.2, 3.3'",
            "version": "==1.2.10"
        },
        "flake8": {
            "hashes": [
                "sha256:749dbbd6bfd0cf1318af27bf97a14e28e5ff548ef8e5b1566ccfb25a11e7c839",
                "sha256:aadae8761ec651813c24be05c6f7b4680857ef6afaae4651a4eccaef97ce6c3b"
            ],
            "index": "pypi",
            "version": "==3.8.4"
        },
        "luma.core": {
            "hashes": [
                "sha256:6b2470c09ae86d5a6c8b8cc29e7aef579b5b5f270cbeebaa27bb4a067f0a8b54",
                "sha256:d66b98e23470f023a6423273e9632180a1a941849f1417c69a708ca51861c993"
            ],
            "index": "pypi",
            "version": "==1.17.2"
        },
        "luma.emulator": {
            "hashes": [
                "sha256:8329c940173186848217391f16224a5d531a5762ed4058375526c0666817143d",
                "sha256:a00f22b5d3b072395107097ffdb10ae66791fdc44920bbf04ba90be4e91d7ecb"
            ],
            "index": "pypi",
            "version": "==1.3.0"
        },
        "mccabe": {
            "hashes": [
                "sha256:ab8a6258860da4b6677da4bd2fe5dc2c659cff31b3ee4f7f5d64e79735b80d42",
                "sha256:dd8d182285a0fe56bace7f45b5e7d1a6ebcbf524e8f3bd87eb0f125271b8831f"
            ],
            "version": "==0.6.1"
        },
        "pillow": {
            "hashes": [
                "sha256:04d984e45a0b9815f4b407e8aadb50f25fbb82a605d89db927376e94c3adf371",
                "sha256:06e730451b70471c08b8a0ee7f18e7e1df310dba9c780bbfb730a13102b143db",
                "sha256:1f59596af2b3d64a9e43f9d6509b7a51db744d0eecc23297617c604e6823c6ae",
                "sha256:233513465a2f25fce537b965621866da3d1f02e15708f371dd4e19f0fb7b7711",
                "sha256:2696f1a6402c1a42ed12c5cd8adfb4b381c32d41e35a34b8ee544309ef854172",
                "sha256:2ca55a4443b463eec90528ac27be14d226b1c2b972178bc7d4d282ce89e47b6a",
                "sha256:30615e9115f976e00a938a28c7152562e8cf8e221ddacf4446dd8b20c0d97333",
                "sha256:3a77e7b9f8991b81d7be8e0b2deab05013cf3ebb24ac2b863d2979acb68c73dd",
                "sha256:54667c8ab16658cc0b7d824d8706b440d4db8382a3561042758bdfd48ca99298",
                "sha256:59304c67d12394815331eda95ec892bf54ad95e0aa7bc1ccd8e0a4a5a25d4bf3",
                "sha256:594f2f25b7bcfd9542c41b9df156fb5104f19f5fcefa51b1447f1d9f64c9cc14",
                "sha256:5b5dde5dcedc4e6f5a71d7654a3c6e189ced82e97d7896b1ca5a5c5e4e0e916f",
                "sha256:6bcea85f93fb2c94a1bcd35704c348a929a7fb24a0ec0cc2b9fcbb0046b87176",
                "sha256:718d7f0eb3351052023b33fe0f83fc9e3beeb7cbacbd0ff2b52524e2153e4598",
                "sha256:7c4a7ee37027ca716f42726b6f9fc491c13c843c7af559e0767dfab1ae9682d4",
                "sha256:87a855b64a9b692604f6339baa4f9913d06838df1b4ccf0cb899dd18f56ec03c",
                "sha256:8c006d52365c0a6bb41a07f9c8f9f458ae8170e0af3b8c49bf7089347066b97b",
                "sha256:8e29701229705615d3dcfc439c7c46f40f913e57c7fe322b1efc30d3f37d1287",
                "sha256:9b5b41737853bc49943864d5980dfb401a09e78ddb471e71291810ccdeadd712",
                "sha256:b04569ff215b85ce3e2954979d2d5e0bf84007e43ddcf84b632fc6bc18e07909",
                "sha256:b731d45764349313bd956c07bdc1d43803bb0ad2b11354328a074e416c7d84bc",
                "sha256:c12e33cb17e2e12049a49b77696ee479791a4e44e541fdc393ae043e1246389f",
                "sha256:c41442c3814afeba1f6f16fd70cdf312a2c73c6dee8dc3ac8926bb115713ad1d",
                "sha256:c4d743c5c91424965707c9c8edc58b7cb43c127dcaf191fbcd304e2082eef56a",
                "sha256:d6766fd28f4f47cf93280a57e3dc6a9d11bdada1a6e9f019b8c62b12bbc86f6a",
                "sha256:d904570afcdbec40eb6bdbe24cba8d95c0215a2c0cbbc9c16301045bc8504c1f",
                "sha256:e674be2f349ea810e221b0113bd4491f53584ac848d5bcc3b62443cfa11d9c40",
                "sha256:e6ac40f1a62a227eb00226eb64c9c82bc878a3ed700b5414d34c9be57be87e87",
                "sha256:f5270369c799b4405ed47d45c88c09fbd7942fc9fb9891c0dabf0b8c751b625d"
            ],
            "index": "pypi",
            "version": "==8.0.0"
        },
        "pycodestyle": {
            "hashes": [
                "sha256:2295e7b2f6b5bd100585ebcb1f616591b652db8a741695b3d8f5d28bdc934367",
                "sha256:c58a7d2815e0e8d7972bf1803331fb0152f867bd89adf8a01dfd55085434192e"
            ],
            "markers": "python_version >= '2.7' and python_version not in '3.0, 3.1, 3.2, 3.3'",
            "version": "==2.6.0"
        },
        "pyflakes": {
            "hashes": [
                "sha256:0d94e0e05a19e57a99444b6ddcf9a6eb2e5c68d3ca1e98e90707af8152c90a92",
                "sha256:35b2d75ee967ea93b55750aa9edbbf72813e06a66ba54438df2cfac9e3c27fc8"
            ],
            "markers": "python_version >= '2.7' and python_version not in '3.0, 3.1, 3.2, 3.3'",
            "version": "==2.2.0"
        },
        "pyftdi": {
            "hashes": [
                "sha256:5f591cefc87c89177798b53c70914fadff54717433afc9ccb50213d053e87ee6",
                "sha256:f26d61fe14a3d089ea7700e774501c52ce3312f3522763a407cd33988124bd5e"
            ],
            "markers": "python_version >= '3.5'",
            "version": "==0.52.0"
        },
        "pygame": {
            "hashes": [
                "sha256:041335ad7e5f09af9197e82eeb08bd0a5704f8497b2679ae25d0986a00d82de1",
                "sha256:069991bf7a0fe3bd76ff714beea7f1e520bb94ba30b5f0d152fc1ad58c1be097",
                "sha256:0a7934b707ed2333ca01f4add138ce8a606becf9f6adc19971adea1766ea173e",
                "sha256:0d2488412215fdf21b9ce2c0eb32d12f84fb061d66a97e933c848b72d3924f72",
                "sha256:272b02db5af24e62a1e10c1dc2a1b6723305324ed9cf86d589a3640d812c7288",
                "sha256:2a320b7b606e221972cb320eb07bb356ac7f6c0e9f31e30e04a763025f7c09b2",
                "sha256:300d7fde13a2a00f10c02e66d745b56dfb37c4b1a81e4d219780106bac3b68e3",
                "sha256:37a74111d27ea589ec844e35b0ba905800b4ef7305694206e8a32bd723148104",
                "sha256:44a4088db57abdec7f37cefabac7ba90f31ccfadc177b621945a8f2bef095f4c",
                "sha256:4f2fc269fef65a8bbc2a0586b70c03281c9034a3f0a4203d18f9f916354fae55",
                "sha256:58fb91801eaaf6b8ff9099ba0a958ad56837f612543c082b1de78886537a6535",
                "sha256:609f8e3dfa41bcbf8308205466e72e4fe25684acc6526cc4af2154b2e1ca3897",
                "sha256:61aaccb264e37a66a012aa8676dbb294c1a9fb7bbc9eadcf48107f4ddef654c1",
                "sha256:65a68ed7ea34afc94a230169d79e42401b9e15fc456563368d28c936831ecbd0",
                "sha256:7b5cfc9265e3c8bbe3c596f7b7a962fcb9e0e64c7a2c83775f383bd243f4d93e",
                "sha256:9a9d2d246d86a5b6a749a4e4bab9e50dfb5d6ff051cf467453fe580690a71209",
                "sha256:a812b55649994a1abec1f75813cb9d71da9e8127f62215f7da6d0fd90a63949c",
                "sha256:aae25e369b3c8c8899ed9a8d9e7575d8c0afa693a7a7f280dc25c2b87783bb9a",
                "sha256:ab045b9b8fd94cbe3839a167e41406a9f4bd3983a19af26ef807d60156a423e6",
                "sha256:b0bdab46fa53de28d6afde2dcd472ac9d038c4e484ae88266420c1ed75eaa1e7",
                "sha256:c42bf93387b3b5c5cbb494cc8c1666ae3c5ed861c9a727bddf5fdb27fc2eac18",
                "sha256:c5fc3ec2709f3eff32dcc39bd677b5469a97e8dc04fe06db1c8398666cc626ef",
                "sha256:d145690f753d2f76f9d9e20c79d35f6206b6582e3f88c37fb3dbc61a50657bbf",
                "sha256:d9454b11c4ba92fed1f996921c67b21d7c2894673a5646eac04bf8118924fb79",
                "sha256:e72457212312e82aad6dba941be8157e39b4db73d2e3f734a59686cc637f095a",
                "sha256:e8f575c6f19d15f6e992fcb667c87a1e5ef5f168517c0a14a93b4cf12ad0c26c",
                "sha256:ebbda12c081f527a11dd11a19434cd68e8fa0a9827d76282e4ad5d1b18fd875e",
                "sha256:f729d216de0b4b8d7b17e4e903e4f418226ebfea41d202cba24cc80fa1d6371a",
                "sha256:f902586b8023b9e147fc38cd8131c59fa7f047d6193d7475c778c46c8e308fa5",
                "sha256:fb8d648541f95d04941b6978e11c99dbf4f9fd06b8ead8d5e2284ee5d8d6efd4"
            ],
            "index": "pypi",
            "version": "==2.0.0.dev14"
        },
        "pyserial": {
            "hashes": [
                "sha256:6e2d401fdee0eab996cf734e67773a0143b932772ca8b42451440cfed942c627",
                "sha256:e0770fadba80c31013896c7e6ef703f72e7834965954a78e71a3049488d4d7d8"
            ],
            "version": "==3.4"
        },
        "pyusb": {
            "hashes": [
                "sha256:d69ed64bff0e2102da11b3f49567256867853b861178689671a163d30865c298"
            ],
            "version": "==1.1.0"
        },
        "rope": {
            "hashes": [
                "sha256:786b5c38c530d4846aa68a42604f61b4e69a493390e3ca11b88df0fbfdc3ed04"
            ],
            "index": "pypi",
            "version": "==0.18.0"
        },
        "rpi.gpio": {
            "hashes": [
                "sha256:7424bc6c205466764f30f666c18187a0824077daf20b295c42f08aea2cb87d3f"
            ],
            "markers": "platform_system == 'Linux'",
            "version": "==0.7.0"
        },
        "smbus2": {
            "hashes": [
                "sha256:210e66eebe4d0b1fe836b3ec2751841942e1c4918c0b429b20a0e20a222228b4"
            ],
            "version": "==0.3.0"
        },
        "spidev": {
            "hashes": [
                "sha256:8a7f5c289f161ea2ac4697fa8a10918232c990678dd0053084b3c43b1363910d"
            ],
            "markers": "platform_system == 'Linux'",
            "version": "==3.5"
        },
        "toml": {
            "hashes": [
                "sha256:926b612be1e5ce0634a2ca03470f95169cf16f939018233a670519cb4ac58b0f",
                "sha256:bda89d5935c2eac546d648028b9901107a595863cb36bae0c73ac804a9b4ce88"
            ],
            "version": "==0.10.1"
        },
        "wrapt": {
            "hashes": [
                "sha256:b62ffa81fb85f4332a4f609cab4ac40709470da05643a082ec1eb88e6d9b97d7"
            ],
            "version": "==1.12.1"
        }
    }
}
